
Microsoft Visual Studio Solution File, Format Version 12.00
# Visual Studio Version 17
VisualStudioVersion = 17.0.31919.166
MinimumVisualStudioVersion = 10.0.40219.1
Project("{9A19103F-16F7-4668-BE54-9A1E7A4F7556}") = "App_MovieManager", "App_MovieManager\App_MovieManager.csproj", "{3738F7AD-C5E8-483D-877A-B704BA869CE4}"
EndProject
Project("{9A19103F-16F7-4668-BE54-9A1E7A4F7556}") = "AdoToolbox", "AdoToolbox\AdoToolbox.csproj", "{4EA1C45A-5BA1-4D15-BD7C-9F4EC85F7DBF}"
EndProject
Global
	GlobalSection(SolutionConfigurationPlatforms) = preSolution
		Debug|Any CPU = Debug|Any CPU
		Release|Any CPU = Release|Any CPU
	EndGlobalSection
	GlobalSection(ProjectConfigurationPlatforms) = postSolution
		{3738F7AD-C5E8-483D-877A-B704BA869CE4}.Debug|Any CPU.ActiveCfg = Debug|Any CPU
		{3738F7AD-C5E8-483D-877A-B704BA869CE4}.Debug|Any CPU.Build.0 = Debug|Any CPU
		{3738F7AD-C5E8-483D-877A-B704BA869CE4}.Release|Any CPU.ActiveCfg = Release|Any CPU
		{3738F7AD-C5E8-483D-877A-B704BA869CE4}.Release|Any CPU.Build.0 = Release|Any CPU
		{4EA1C45A-5BA1-4D15-BD7C-9F4EC85F7DBF}.Debug|Any CPU.ActiveCfg = Debug|Any CPU
		{4EA1C45A-5BA1-4D15-BD7C-9F4EC85F7DBF}.Debug|Any CPU.Build.0 = Debug|Any CPU
		{4EA1C45A-5BA1-4D15-BD7C-9F4EC85F7DBF}.Release|Any CPU.ActiveCfg = Release|Any CPU
		{4EA1C45A-5BA1-4D15-BD7C-9F4EC85F7DBF}.Release|Any CPU.Build.0 = Release|Any CPU
	EndGlobalSection
	GlobalSection(SolutionProperties) = preSolution
		HideSolutionNode = FALSE
	EndGlobalSection
	GlobalSection(ExtensibilityGlobals) = postSolution
		SolutionGuid = {ADBFD85F-6E3C-4A66-9A1F-ACA1B5CD1ED1}
	EndGlobalSection
EndGlobal
